
Microsoft Visual Studio Solution File, Format Version 12.00
# Visual Studio 15
VisualStudioVersion = 15.0.28307.1062
MinimumVisualStudioVersion = 10.0.40219.1
Project("{E24C65DC-7377-472B-9ABA-BC803B73C61A}") = "License.Busiwiz", ".", "{FBF28588-2B53-4BC9-A77A-1449ADBCC7F9}"
	ProjectSection(WebsiteProperties) = preProject
		TargetFrameworkMoniker = ".NETFramework,Version%3Dv4.5"
		Debug.AspNetCompiler.VirtualPath = "/localhost_2185"
		Debug.AspNetCompiler.PhysicalPath = "..\License.Busiwiz\"
		Debug.AspNetCompiler.TargetPath = "PrecompiledWeb\localhost_2185\"
		Debug.AspNetCompiler.Updateable = "true"
		Debug.AspNetCompiler.ForceOverwrite = "true"
		Debug.AspNetCompiler.FixedNames = "false"
		Debug.AspNetCompiler.Debug = "True"
		Release.AspNetCompiler.VirtualPath = "/localhost_2185"
		Release.AspNetCompiler.PhysicalPath = "..\License.Busiwiz\"
		Release.AspNetCompiler.TargetPath = "PrecompiledWeb\localhost_2185\"
		Release.AspNetCompiler.Updateable = "true"
		Release.AspNetCompiler.ForceOverwrite = "true"
		Release.AspNetCompiler.FixedNames = "false"
		Release.AspNetCompiler.Debug = "False"
		VWDPort = "2185"
		SlnRelativePath = "..\License.Busiwiz\"
	EndProjectSection
EndProject
Global
	GlobalSection(SolutionConfigurationPlatforms) = preSolution
		Debug|Any CPU = Debug|Any CPU
	EndGlobalSection
	GlobalSection(ProjectConfigurationPlatforms) = postSolution
		{FBF28588-2B53-4BC9-A77A-1449ADBCC7F9}.Debug|Any CPU.ActiveCfg = Debug|Any CPU
		{FBF28588-2B53-4BC9-A77A-1449ADBCC7F9}.Debug|Any CPU.Build.0 = Debug|Any CPU
	EndGlobalSection
	GlobalSection(SolutionProperties) = preSolution
		HideSolutionNode = FALSE
	EndGlobalSection
	GlobalSection(ExtensibilityGlobals) = postSolution
		SolutionGuid = {5AAB4321-E33F-49B9-AF05-EB4874FBAA3A}
	EndGlobalSection
EndGlobal
